
Microsoft Visual Studio Solution File, Format Version 12.00
# Visual Studio Version 16
VisualStudioVersion = 16.0.29209.62
MinimumVisualStudioVersion = 10.0.40219.1
Project("{2150E333-8FDC-42A3-9474-1A3956D46DE8}") = "frontend", "frontend", "{1C40FA4E-4F0F-4F17-B1DF-754C89CD91B4}"
EndProject
Project("{9A19103F-16F7-4668-BE54-9A1E7A4F7556}") = "frontend", "..\frontend\frontend.csproj", "{55D2FC79-5B94-4997-BF9D-8072E3CAC89D}"
EndProject
Global
	GlobalSection(SolutionConfigurationPlatforms) = preSolution
		Debug|Any CPU = Debug|Any CPU
		Release|Any CPU = Release|Any CPU
	EndGlobalSection
	GlobalSection(ProjectConfigurationPlatforms) = postSolution
		{55D2FC79-5B94-4997-BF9D-8072E3CAC89D}.Debug|Any CPU.ActiveCfg = Debug|Any CPU
		{55D2FC79-5B94-4997-BF9D-8072E3CAC89D}.Debug|Any CPU.Build.0 = Debug|Any CPU
		{55D2FC79-5B94-4997-BF9D-8072E3CAC89D}.Release|Any CPU.ActiveCfg = Release|Any CPU
		{55D2FC79-5B94-4997-BF9D-8072E3CAC89D}.Release|Any CPU.Build.0 = Release|Any CPU
	EndGlobalSection
	GlobalSection(SolutionProperties) = preSolution
		HideSolutionNode = FALSE
	EndGlobalSection
	GlobalSection(NestedProjects) = preSolution
		{55D2FC79-5B94-4997-BF9D-8072E3CAC89D} = {1C40FA4E-4F0F-4F17-B1DF-754C89CD91B4}
	EndGlobalSection
	GlobalSection(ExtensibilityGlobals) = postSolution
		SolutionGuid = {B56FFEB9-68C3-4D31-8473-B047FFE6F28F}
	EndGlobalSection
EndGlobal
